
Microsoft Visual Studio Solution File, Format Version 12.00
# Visual Studio Version 17
VisualStudioVersion = 17.1.32210.238
MinimumVisualStudioVersion = 10.0.40219.1
Project("{FAE04EC0-301F-11D3-BF4B-00C04F79EFBC}") = "WinFormsApp1", "WinFormsApp1\WinFormsApp1.csproj", "{64C1A5E7-3504-4ADE-89C0-49BFDB773690}"
EndProject
Global
	GlobalSection(SolutionConfigurationPlatforms) = preSolution
		Debug|Any CPU = Debug|Any CPU
		Release|Any CPU = Release|Any CPU
	EndGlobalSection
	GlobalSection(ProjectConfigurationPlatforms) = postSolution
		{64C1A5E7-3504-4ADE-89C0-49BFDB773690}.Debug|Any CPU.ActiveCfg = Debug|Any CPU
		{64C1A5E7-3504-4ADE-89C0-49BFDB773690}.Debug|Any CPU.Build.0 = Debug|Any CPU
		{64C1A5E7-3504-4ADE-89C0-49BFDB773690}.Release|Any CPU.ActiveCfg = Release|Any CPU
		{64C1A5E7-3504-4ADE-89C0-49BFDB773690}.Release|Any CPU.Build.0 = Release|Any CPU
	EndGlobalSection
	GlobalSection(SolutionProperties) = preSolution
		HideSolutionNode = FALSE
	EndGlobalSection
	GlobalSection(ExtensibilityGlobals) = postSolution
		SolutionGuid = {AE5FA55C-5596-488A-8850-4749678A42FA}
	EndGlobalSection
EndGlobal
